
Microsoft Visual Studio Solution File, Format Version 12.00
# Visual Studio Version 17
VisualStudioVersion = 17.4.33122.133
MinimumVisualStudioVersion = 10.0.40219.1
Project("{FAE04EC0-301F-11D3-BF4B-00C04F79EFBC}") = "AndroidApp1", "AndroidApp1\AndroidApp1.csproj", "{FD499A06-5BEE-453B-940B-B6C2C03BCBF7}"
EndProject
Global
	GlobalSection(SolutionConfigurationPlatforms) = preSolution
		Debug|Any CPU = Debug|Any CPU
		Release|Any CPU = Release|Any CPU
	EndGlobalSection
	GlobalSection(ProjectConfigurationPlatforms) = postSolution
		{FD499A06-5BEE-453B-940B-B6C2C03BCBF7}.Debug|Any CPU.ActiveCfg = Debug|Any CPU
		{FD499A06-5BEE-453B-940B-B6C2C03BCBF7}.Debug|Any CPU.Build.0 = Debug|Any CPU
		{FD499A06-5BEE-453B-940B-B6C2C03BCBF7}.Debug|Any CPU.Deploy.0 = Debug|Any CPU
		{FD499A06-5BEE-453B-940B-B6C2C03BCBF7}.Release|Any CPU.ActiveCfg = Release|Any CPU
		{FD499A06-5BEE-453B-940B-B6C2C03BCBF7}.Release|Any CPU.Build.0 = Release|Any CPU
		{FD499A06-5BEE-453B-940B-B6C2C03BCBF7}.Release|Any CPU.Deploy.0 = Release|Any CPU
	EndGlobalSection
	GlobalSection(SolutionProperties) = preSolution
		HideSolutionNode = FALSE
	EndGlobalSection
	GlobalSection(ExtensibilityGlobals) = postSolution
		SolutionGuid = {4A1A52F4-B4C3-49B6-962C-1BD75FCCEF24}
	EndGlobalSection
EndGlobal
